
Microsoft Visual Studio Solution File, Format Version 12.00
# Visual Studio 2013
VisualStudioVersion = 12.0.31101.0
MinimumVisualStudioVersion = 10.0.40219.1
Project("{F2A71F9B-5D33-465A-A702-920D77279786}") = "Tracktor.Service", "Tracktor.Service\Tracktor.Service.fsproj", "{4039104E-5785-4D19-8AE2-26070561F967}"
EndProject
Project("{2150E333-8FDC-42A3-9474-1A3956D46DE8}") = "Solution Items", "Solution Items", "{3948A7C2-46DA-4EAF-B7D9-D6938230C51E}"
	ProjectSection(SolutionItems) = preProject
		.editorconfig = .editorconfig
		.gitignore = .gitignore
		Install-Tracktor.ps1 = Install-Tracktor.ps1
		README.md = README.md
	EndProjectSection
EndProject
Project("{F2A71F9B-5D33-465A-A702-920D77279786}") = "Tracktor.Contracts", "Tracktor.Contracts\Tracktor.Contracts.fsproj", "{C10B25BB-7534-4689-8EEA-062760B0488D}"
EndProject
Project("{F2A71F9B-5D33-465A-A702-920D77279786}") = "Tracktor.Monitor", "Tracktor.Monitor\Tracktor.Monitor.fsproj", "{865FAA39-D5A4-4584-A987-BEAA7F3B7317}"
EndProject
Project("{F2A71F9B-5D33-465A-A702-920D77279786}") = "Tracktor.SourceControl.Svn", "Tracktor.SourceControl.Svn\Tracktor.SourceControl.Svn.fsproj", "{559CB3D8-6C98-411A-BF1E-F6AC7DAD75C5}"
EndProject
Project("{F2A71F9B-5D33-465A-A702-920D77279786}") = "Tracktor.Database", "Tracktor.Database\Tracktor.Database.fsproj", "{4BA3BD3C-159D-46B9-BAC7-A3C12EDB3F61}"
EndProject
Project("{F2A71F9B-5D33-465A-A702-920D77279786}") = "Tracktor.Tests", "Tracktor.Tests\Tracktor.Tests.fsproj", "{E52BF82F-8409-4E30-8C09-1737421F3ACF}"
EndProject
Project("{F2A71F9B-5D33-465A-A702-920D77279786}") = "Tracktor.Service.Common", "Tracktor.Service.Common\Tracktor.Service.Common.fsproj", "{AAB8502C-68DE-424A-BC1D-60359E7C4246}"
EndProject
Project("{F2A71F9B-5D33-465A-A702-920D77279786}") = "Tracktor.Service.Processing", "Tracktor.Service.Processing\Tracktor.Service.Processing.fsproj", "{8AC72F66-CF33-403F-9FB5-BB230675DDB3}"
EndProject
Project("{F2A71F9B-5D33-465A-A702-920D77279786}") = "Tracktor.Service.SourceControl", "Tracktor.Service.SourceControl\Tracktor.Service.SourceControl.fsproj", "{9FCFCB13-42AE-4EB0-8E57-B796BF8DBAEA}"
EndProject
Project("{F2A71F9B-5D33-465A-A702-920D77279786}") = "Tracktor.Service.IssueTracking", "Tracktor.Service.IssueTracking\Tracktor.Service.IssueTracking.fsproj", "{BCEC091C-59C4-45CB-BB90-8FA58A689E0C}"
EndProject
Global
	GlobalSection(SolutionConfigurationPlatforms) = preSolution
		Debug|Any CPU (develop) = Debug|Any CPU (develop)
		Debug|x64 = Debug|x64
		Release|Any CPU (develop) = Release|Any CPU (develop)
		Release|x64 = Release|x64
	EndGlobalSection
	GlobalSection(ProjectConfigurationPlatforms) = postSolution
		{4039104E-5785-4D19-8AE2-26070561F967}.Debug|Any CPU (develop).ActiveCfg = Debug|Any CPU
		{4039104E-5785-4D19-8AE2-26070561F967}.Debug|Any CPU (develop).Build.0 = Debug|Any CPU
		{4039104E-5785-4D19-8AE2-26070561F967}.Debug|x64.ActiveCfg = Debug|x64
		{4039104E-5785-4D19-8AE2-26070561F967}.Debug|x64.Build.0 = Debug|x64
		{4039104E-5785-4D19-8AE2-26070561F967}.Release|Any CPU (develop).ActiveCfg = Release|Any CPU
		{4039104E-5785-4D19-8AE2-26070561F967}.Release|Any CPU (develop).Build.0 = Release|Any CPU
		{4039104E-5785-4D19-8AE2-26070561F967}.Release|x64.ActiveCfg = Release|x64
		{4039104E-5785-4D19-8AE2-26070561F967}.Release|x64.Build.0 = Release|x64
		{C10B25BB-7534-4689-8EEA-062760B0488D}.Debug|Any CPU (develop).ActiveCfg = Debug|Any CPU
		{C10B25BB-7534-4689-8EEA-062760B0488D}.Debug|Any CPU (develop).Build.0 = Debug|Any CPU
		{C10B25BB-7534-4689-8EEA-062760B0488D}.Debug|x64.ActiveCfg = Debug|x64
		{C10B25BB-7534-4689-8EEA-062760B0488D}.Debug|x64.Build.0 = Debug|x64
		{C10B25BB-7534-4689-8EEA-062760B0488D}.Release|Any CPU (develop).ActiveCfg = Release|Any CPU
		{C10B25BB-7534-4689-8EEA-062760B0488D}.Release|Any CPU (develop).Build.0 = Release|Any CPU
		{C10B25BB-7534-4689-8EEA-062760B0488D}.Release|x64.ActiveCfg = Release|x64
		{C10B25BB-7534-4689-8EEA-062760B0488D}.Release|x64.Build.0 = Release|x64
		{865FAA39-D5A4-4584-A987-BEAA7F3B7317}.Debug|Any CPU (develop).ActiveCfg = Debug|Any CPU
		{865FAA39-D5A4-4584-A987-BEAA7F3B7317}.Debug|Any CPU (develop).Build.0 = Debug|Any CPU
		{865FAA39-D5A4-4584-A987-BEAA7F3B7317}.Debug|x64.ActiveCfg = Debug|x64
		{865FAA39-D5A4-4584-A987-BEAA7F3B7317}.Debug|x64.Build.0 = Debug|x64
		{865FAA39-D5A4-4584-A987-BEAA7F3B7317}.Release|Any CPU (develop).ActiveCfg = Release|Any CPU
		{865FAA39-D5A4-4584-A987-BEAA7F3B7317}.Release|Any CPU (develop).Build.0 = Release|Any CPU
		{865FAA39-D5A4-4584-A987-BEAA7F3B7317}.Release|x64.ActiveCfg = Release|x64
		{865FAA39-D5A4-4584-A987-BEAA7F3B7317}.Release|x64.Build.0 = Release|x64
		{559CB3D8-6C98-411A-BF1E-F6AC7DAD75C5}.Debug|Any CPU (develop).ActiveCfg = Debug|x64
		{559CB3D8-6C98-411A-BF1E-F6AC7DAD75C5}.Debug|Any CPU (develop).Build.0 = Debug|x64
		{559CB3D8-6C98-411A-BF1E-F6AC7DAD75C5}.Debug|x64.ActiveCfg = Debug|x64
		{559CB3D8-6C98-411A-BF1E-F6AC7DAD75C5}.Debug|x64.Build.0 = Debug|x64
		{559CB3D8-6C98-411A-BF1E-F6AC7DAD75C5}.Release|Any CPU (develop).ActiveCfg = Release|x64
		{559CB3D8-6C98-411A-BF1E-F6AC7DAD75C5}.Release|Any CPU (develop).Build.0 = Release|x64
		{559CB3D8-6C98-411A-BF1E-F6AC7DAD75C5}.Release|x64.ActiveCfg = Release|x64
		{559CB3D8-6C98-411A-BF1E-F6AC7DAD75C5}.Release|x64.Build.0 = Release|x64
		{4BA3BD3C-159D-46B9-BAC7-A3C12EDB3F61}.Debug|Any CPU (develop).ActiveCfg = Debug|Any CPU
		{4BA3BD3C-159D-46B9-BAC7-A3C12EDB3F61}.Debug|Any CPU (develop).Build.0 = Debug|Any CPU
		{4BA3BD3C-159D-46B9-BAC7-A3C12EDB3F61}.Debug|x64.ActiveCfg = Debug|x64
		{4BA3BD3C-159D-46B9-BAC7-A3C12EDB3F61}.Debug|x64.Build.0 = Debug|x64
		{4BA3BD3C-159D-46B9-BAC7-A3C12EDB3F61}.Release|Any CPU (develop).ActiveCfg = Release|Any CPU
		{4BA3BD3C-159D-46B9-BAC7-A3C12EDB3F61}.Release|Any CPU (develop).Build.0 = Release|Any CPU
		{4BA3BD3C-159D-46B9-BAC7-A3C12EDB3F61}.Release|x64.ActiveCfg = Release|x64
		{4BA3BD3C-159D-46B9-BAC7-A3C12EDB3F61}.Release|x64.Build.0 = Release|x64
		{E52BF82F-8409-4E30-8C09-1737421F3ACF}.Debug|Any CPU (develop).ActiveCfg = Debug|Any CPU
		{E52BF82F-8409-4E30-8C09-1737421F3ACF}.Debug|Any CPU (develop).Build.0 = Debug|Any CPU
		{E52BF82F-8409-4E30-8C09-1737421F3ACF}.Debug|x64.ActiveCfg = Debug|x64
		{E52BF82F-8409-4E30-8C09-1737421F3ACF}.Debug|x64.Build.0 = Debug|x64
		{E52BF82F-8409-4E30-8C09-1737421F3ACF}.Release|Any CPU (develop).ActiveCfg = Release|Any CPU
		{E52BF82F-8409-4E30-8C09-1737421F3ACF}.Release|Any CPU (develop).Build.0 = Release|Any CPU
		{E52BF82F-8409-4E30-8C09-1737421F3ACF}.Release|x64.ActiveCfg = Release|x64
		{E52BF82F-8409-4E30-8C09-1737421F3ACF}.Release|x64.Build.0 = Release|x64
		{AAB8502C-68DE-424A-BC1D-60359E7C4246}.Debug|Any CPU (develop).ActiveCfg = Debug|Any CPU
		{AAB8502C-68DE-424A-BC1D-60359E7C4246}.Debug|Any CPU (develop).Build.0 = Debug|Any CPU
		{AAB8502C-68DE-424A-BC1D-60359E7C4246}.Debug|x64.ActiveCfg = Debug|x64
		{AAB8502C-68DE-424A-BC1D-60359E7C4246}.Debug|x64.Build.0 = Debug|x64
		{AAB8502C-68DE-424A-BC1D-60359E7C4246}.Release|Any CPU (develop).ActiveCfg = Release|Any CPU
		{AAB8502C-68DE-424A-BC1D-60359E7C4246}.Release|Any CPU (develop).Build.0 = Release|Any CPU
		{AAB8502C-68DE-424A-BC1D-60359E7C4246}.Release|x64.ActiveCfg = Release|x64
		{AAB8502C-68DE-424A-BC1D-60359E7C4246}.Release|x64.Build.0 = Release|x64
		{8AC72F66-CF33-403F-9FB5-BB230675DDB3}.Debug|Any CPU (develop).ActiveCfg = Debug|Any CPU
		{8AC72F66-CF33-403F-9FB5-BB230675DDB3}.Debug|Any CPU (develop).Build.0 = Debug|Any CPU
		{8AC72F66-CF33-403F-9FB5-BB230675DDB3}.Debug|x64.ActiveCfg = Debug|x64
		{8AC72F66-CF33-403F-9FB5-BB230675DDB3}.Debug|x64.Build.0 = Debug|x64
		{8AC72F66-CF33-403F-9FB5-BB230675DDB3}.Release|Any CPU (develop).ActiveCfg = Release|Any CPU
		{8AC72F66-CF33-403F-9FB5-BB230675DDB3}.Release|Any CPU (develop).Build.0 = Release|Any CPU
		{8AC72F66-CF33-403F-9FB5-BB230675DDB3}.Release|x64.ActiveCfg = Release|x64
		{8AC72F66-CF33-403F-9FB5-BB230675DDB3}.Release|x64.Build.0 = Release|x64
		{9FCFCB13-42AE-4EB0-8E57-B796BF8DBAEA}.Debug|Any CPU (develop).ActiveCfg = Debug|Any CPU
		{9FCFCB13-42AE-4EB0-8E57-B796BF8DBAEA}.Debug|Any CPU (develop).Build.0 = Debug|Any CPU
		{9FCFCB13-42AE-4EB0-8E57-B796BF8DBAEA}.Debug|x64.ActiveCfg = Debug|x64
		{9FCFCB13-42AE-4EB0-8E57-B796BF8DBAEA}.Debug|x64.Build.0 = Debug|x64
		{9FCFCB13-42AE-4EB0-8E57-B796BF8DBAEA}.Release|Any CPU (develop).ActiveCfg = Release|Any CPU
		{9FCFCB13-42AE-4EB0-8E57-B796BF8DBAEA}.Release|Any CPU (develop).Build.0 = Release|Any CPU
		{9FCFCB13-42AE-4EB0-8E57-B796BF8DBAEA}.Release|x64.ActiveCfg = Release|x64
		{9FCFCB13-42AE-4EB0-8E57-B796BF8DBAEA}.Release|x64.Build.0 = Release|x64
		{BCEC091C-59C4-45CB-BB90-8FA58A689E0C}.Debug|Any CPU (develop).ActiveCfg = Debug|Any CPU
		{BCEC091C-59C4-45CB-BB90-8FA58A689E0C}.Debug|Any CPU (develop).Build.0 = Debug|Any CPU
		{BCEC091C-59C4-45CB-BB90-8FA58A689E0C}.Debug|x64.ActiveCfg = Debug|x64
		{BCEC091C-59C4-45CB-BB90-8FA58A689E0C}.Debug|x64.Build.0 = Debug|x64
		{BCEC091C-59C4-45CB-BB90-8FA58A689E0C}.Release|Any CPU (develop).ActiveCfg = Release|Any CPU
		{BCEC091C-59C4-45CB-BB90-8FA58A689E0C}.Release|Any CPU (develop).Build.0 = Release|Any CPU
		{BCEC091C-59C4-45CB-BB90-8FA58A689E0C}.Release|x64.ActiveCfg = Release|x64
		{BCEC091C-59C4-45CB-BB90-8FA58A689E0C}.Release|x64.Build.0 = Release|x64
	EndGlobalSection
	GlobalSection(SolutionProperties) = preSolution
		HideSolutionNode = FALSE
	EndGlobalSection
EndGlobal
